
Microsoft Visual Studio Solution File, Format Version 12.00
# Visual Studio Version 17
VisualStudioVersion = 17.8.34525.116
MinimumVisualStudioVersion = 10.0.40219.1
Project("{2150E333-8FDC-42A3-9474-1A3956D46DE8}") = "src", "src", "{D8B19489-75D4-4111-BB6D-41950E6CCC58}"
EndProject
Project("{2150E333-8FDC-42A3-9474-1A3956D46DE8}") = "test", "test", "{C4ADDB0A-EDE0-418D-9670-90137F477825}"
EndProject
Project("{2150E333-8FDC-42A3-9474-1A3956D46DE8}") = "00.Framework", "00.Framework", "{409CA788-9C8E-4116-BDDC-52E8CCD4938A}"
EndProject
Project("{2150E333-8FDC-42A3-9474-1A3956D46DE8}") = "01.Core", "01.Core", "{CA8B0B97-4D0F-4B9A-A96B-CE66EC07D621}"
EndProject
Project("{2150E333-8FDC-42A3-9474-1A3956D46DE8}") = "02.Infrastructures", "02.Infrastructures", "{0599C2F9-B126-42F9-9404-5CF2F3B9D90B}"
EndProject
Project("{2150E333-8FDC-42A3-9474-1A3956D46DE8}") = "03.EndPoints", "03.EndPoints", "{AF39A25E-AB2B-4FF1-9812-A990AD64A61A}"
EndProject
Project("{9A19103F-16F7-4668-BE54-9A1E7A4F7556}") = "Framework.Domain", "src\00.Framework\Framework.Domain\Framework.Domain.csproj", "{41B3E9B7-24A7-4118-A8E8-29A5E5C6399D}"
EndProject
Project("{9A19103F-16F7-4668-BE54-9A1E7A4F7556}") = "BaseArchitecture.Domain", "src\01.Core\BaseArchitecture.Domain\BaseArchitecture.Domain.csproj", "{15743C5B-4BC5-4750-919E-34AAFD090550}"
EndProject
Project("{9A19103F-16F7-4668-BE54-9A1E7A4F7556}") = "BaseArchitecture.Application", "src\01.Core\BaseArchitecture.Application\BaseArchitecture.Application.csproj", "{7B60203E-226E-4C23-BAF1-583022C175D6}"
EndProject
Project("{9A19103F-16F7-4668-BE54-9A1E7A4F7556}") = "04.EndPoints.API", "src\03.EndPoints\04.EndPoints.API\04.EndPoints.API.csproj", "{5CF267EE-C1CD-4CC7-9027-9DA74BC0AF0E}"
EndProject
Project("{9A19103F-16F7-4668-BE54-9A1E7A4F7556}") = "BaseArchitecture.Application.Tests", "test\BaseArchitecture.Application.Tests\BaseArchitecture.Application.Tests.csproj", "{4667B659-3CBB-49FD-9EB3-8D9FE0E41087}"
EndProject
Project("{9A19103F-16F7-4668-BE54-9A1E7A4F7556}") = "BaseArchitecture.Persistence.EF", "src\02.Infrastructures\BaseArchitecture.Persistence.EF\BaseArchitecture.Persistence.EF.csproj", "{32A8E22A-F6DE-431C-B672-6DDB5FC92208}"
EndProject
Project("{9A19103F-16F7-4668-BE54-9A1E7A4F7556}") = "BaseArchitecture.Worker.Hangfire", "src\02.Infrastructures\BaseArchitecture.Worker.Hangfire\BaseArchitecture.Worker.Hangfire.csproj", "{07FF6E36-734E-43BB-8287-EDBF872CC9BC}"
EndProject
Project("{9A19103F-16F7-4668-BE54-9A1E7A4F7556}") = "BaseArchitecture.TestTools", "test\BaseArchitecture.TestTools\BaseArchitecture.TestTools.csproj", "{016B3CF4-643D-4539-A3A7-7FA36D351731}"
EndProject
Project("{FAE04EC0-301F-11D3-BF4B-00C04F79EFBC}") = "BaseArchitecture.Infrastructures", "src\02.Infrastructures\BaseArchitecture.Infrastructures\BaseArchitecture.Infrastructures.csproj", "{3A3B1C5B-C657-414A-9D15-7BF0CBF1A1F4}"
EndProject
Project("{9A19103F-16F7-4668-BE54-9A1E7A4F7556}") = "BaseArchitecture.Migrations", "src\02.Infrastructures\BaseArchitecture.Migrations\BaseArchitecture.Migrations.csproj", "{6F9D6A5A-480C-40EB-8B4B-3058F8B30D34}"
EndProject
Global
	GlobalSection(SolutionConfigurationPlatforms) = preSolution
		Debug|Any CPU = Debug|Any CPU
		Release|Any CPU = Release|Any CPU
	EndGlobalSection
	GlobalSection(ProjectConfigurationPlatforms) = postSolution
		{41B3E9B7-24A7-4118-A8E8-29A5E5C6399D}.Debug|Any CPU.ActiveCfg = Debug|Any CPU
		{41B3E9B7-24A7-4118-A8E8-29A5E5C6399D}.Debug|Any CPU.Build.0 = Debug|Any CPU
		{41B3E9B7-24A7-4118-A8E8-29A5E5C6399D}.Release|Any CPU.ActiveCfg = Release|Any CPU
		{41B3E9B7-24A7-4118-A8E8-29A5E5C6399D}.Release|Any CPU.Build.0 = Release|Any CPU
		{15743C5B-4BC5-4750-919E-34AAFD090550}.Debug|Any CPU.ActiveCfg = Debug|Any CPU
		{15743C5B-4BC5-4750-919E-34AAFD090550}.Debug|Any CPU.Build.0 = Debug|Any CPU
		{15743C5B-4BC5-4750-919E-34AAFD090550}.Release|Any CPU.ActiveCfg = Release|Any CPU
		{15743C5B-4BC5-4750-919E-34AAFD090550}.Release|Any CPU.Build.0 = Release|Any CPU
		{7B60203E-226E-4C23-BAF1-583022C175D6}.Debug|Any CPU.ActiveCfg = Debug|Any CPU
		{7B60203E-226E-4C23-BAF1-583022C175D6}.Debug|Any CPU.Build.0 = Debug|Any CPU
		{7B60203E-226E-4C23-BAF1-583022C175D6}.Release|Any CPU.ActiveCfg = Release|Any CPU
		{7B60203E-226E-4C23-BAF1-583022C175D6}.Release|Any CPU.Build.0 = Release|Any CPU
		{5CF267EE-C1CD-4CC7-9027-9DA74BC0AF0E}.Debug|Any CPU.ActiveCfg = Debug|Any CPU
		{5CF267EE-C1CD-4CC7-9027-9DA74BC0AF0E}.Debug|Any CPU.Build.0 = Debug|Any CPU
		{5CF267EE-C1CD-4CC7-9027-9DA74BC0AF0E}.Release|Any CPU.ActiveCfg = Release|Any CPU
		{5CF267EE-C1CD-4CC7-9027-9DA74BC0AF0E}.Release|Any CPU.Build.0 = Release|Any CPU
		{4667B659-3CBB-49FD-9EB3-8D9FE0E41087}.Debug|Any CPU.ActiveCfg = Debug|Any CPU
		{4667B659-3CBB-49FD-9EB3-8D9FE0E41087}.Debug|Any CPU.Build.0 = Debug|Any CPU
		{4667B659-3CBB-49FD-9EB3-8D9FE0E41087}.Release|Any CPU.ActiveCfg = Release|Any CPU
		{4667B659-3CBB-49FD-9EB3-8D9FE0E41087}.Release|Any CPU.Build.0 = Release|Any CPU
		{32A8E22A-F6DE-431C-B672-6DDB5FC92208}.Debug|Any CPU.ActiveCfg = Debug|Any CPU
		{32A8E22A-F6DE-431C-B672-6DDB5FC92208}.Debug|Any CPU.Build.0 = Debug|Any CPU
		{32A8E22A-F6DE-431C-B672-6DDB5FC92208}.Release|Any CPU.ActiveCfg = Release|Any CPU
		{32A8E22A-F6DE-431C-B672-6DDB5FC92208}.Release|Any CPU.Build.0 = Release|Any CPU
		{07FF6E36-734E-43BB-8287-EDBF872CC9BC}.Debug|Any CPU.ActiveCfg = Debug|Any CPU
		{07FF6E36-734E-43BB-8287-EDBF872CC9BC}.Debug|Any CPU.Build.0 = Debug|Any CPU
		{07FF6E36-734E-43BB-8287-EDBF872CC9BC}.Release|Any CPU.ActiveCfg = Release|Any CPU
		{07FF6E36-734E-43BB-8287-EDBF872CC9BC}.Release|Any CPU.Build.0 = Release|Any CPU
		{016B3CF4-643D-4539-A3A7-7FA36D351731}.Debug|Any CPU.ActiveCfg = Debug|Any CPU
		{016B3CF4-643D-4539-A3A7-7FA36D351731}.Debug|Any CPU.Build.0 = Debug|Any CPU
		{016B3CF4-643D-4539-A3A7-7FA36D351731}.Release|Any CPU.ActiveCfg = Release|Any CPU
		{016B3CF4-643D-4539-A3A7-7FA36D351731}.Release|Any CPU.Build.0 = Release|Any CPU
		{3A3B1C5B-C657-414A-9D15-7BF0CBF1A1F4}.Debug|Any CPU.ActiveCfg = Debug|Any CPU
		{3A3B1C5B-C657-414A-9D15-7BF0CBF1A1F4}.Debug|Any CPU.Build.0 = Debug|Any CPU
		{3A3B1C5B-C657-414A-9D15-7BF0CBF1A1F4}.Release|Any CPU.ActiveCfg = Release|Any CPU
		{3A3B1C5B-C657-414A-9D15-7BF0CBF1A1F4}.Release|Any CPU.Build.0 = Release|Any CPU
		{6F9D6A5A-480C-40EB-8B4B-3058F8B30D34}.Debug|Any CPU.ActiveCfg = Debug|Any CPU
		{6F9D6A5A-480C-40EB-8B4B-3058F8B30D34}.Debug|Any CPU.Build.0 = Debug|Any CPU
		{6F9D6A5A-480C-40EB-8B4B-3058F8B30D34}.Release|Any CPU.ActiveCfg = Release|Any CPU
		{6F9D6A5A-480C-40EB-8B4B-3058F8B30D34}.Release|Any CPU.Build.0 = Release|Any CPU
	EndGlobalSection
	GlobalSection(SolutionProperties) = preSolution
		HideSolutionNode = FALSE
	EndGlobalSection
	GlobalSection(NestedProjects) = preSolution
		{409CA788-9C8E-4116-BDDC-52E8CCD4938A} = {D8B19489-75D4-4111-BB6D-41950E6CCC58}
		{CA8B0B97-4D0F-4B9A-A96B-CE66EC07D621} = {D8B19489-75D4-4111-BB6D-41950E6CCC58}
		{0599C2F9-B126-42F9-9404-5CF2F3B9D90B} = {D8B19489-75D4-4111-BB6D-41950E6CCC58}
		{AF39A25E-AB2B-4FF1-9812-A990AD64A61A} = {D8B19489-75D4-4111-BB6D-41950E6CCC58}
		{41B3E9B7-24A7-4118-A8E8-29A5E5C6399D} = {409CA788-9C8E-4116-BDDC-52E8CCD4938A}
		{15743C5B-4BC5-4750-919E-34AAFD090550} = {CA8B0B97-4D0F-4B9A-A96B-CE66EC07D621}
		{7B60203E-226E-4C23-BAF1-583022C175D6} = {CA8B0B97-4D0F-4B9A-A96B-CE66EC07D621}
		{5CF267EE-C1CD-4CC7-9027-9DA74BC0AF0E} = {AF39A25E-AB2B-4FF1-9812-A990AD64A61A}
		{4667B659-3CBB-49FD-9EB3-8D9FE0E41087} = {C4ADDB0A-EDE0-418D-9670-90137F477825}
		{32A8E22A-F6DE-431C-B672-6DDB5FC92208} = {0599C2F9-B126-42F9-9404-5CF2F3B9D90B}
		{07FF6E36-734E-43BB-8287-EDBF872CC9BC} = {0599C2F9-B126-42F9-9404-5CF2F3B9D90B}
		{016B3CF4-643D-4539-A3A7-7FA36D351731} = {C4ADDB0A-EDE0-418D-9670-90137F477825}
		{3A3B1C5B-C657-414A-9D15-7BF0CBF1A1F4} = {0599C2F9-B126-42F9-9404-5CF2F3B9D90B}
		{6F9D6A5A-480C-40EB-8B4B-3058F8B30D34} = {0599C2F9-B126-42F9-9404-5CF2F3B9D90B}
	EndGlobalSection
	GlobalSection(ExtensibilityGlobals) = postSolution
		SolutionGuid = {5A48DFA3-F04D-4C61-A287-1C75CA01D5BD}
	EndGlobalSection
EndGlobal
